
Microsoft Visual Studio Solution File, Format Version 12.00
# Visual Studio 15
VisualStudioVersion = 15.0.28307.572
MinimumVisualStudioVersion = 10.0.40219.1
Project("{2150E333-8FDC-42A3-9474-1A3956D46DE8}") = "src", "src", "{F7E505BA-0C1B-407A-A7C9-066E6B1585AD}"
EndProject
Project("{2150E333-8FDC-42A3-9474-1A3956D46DE8}") = "Api", "Api", "{A1EA53D6-7633-4EEF-B7FF-46B3634A5103}"
EndProject
Project("{2150E333-8FDC-42A3-9474-1A3956D46DE8}") = "Application", "Application", "{D8E06766-F8C0-4BE3-B069-D69D8329A4DC}"
EndProject
Project("{2150E333-8FDC-42A3-9474-1A3956D46DE8}") = "Domain", "Domain", "{1678BDB6-DCDE-4FAF-A800-079F344EA213}"
EndProject
Project("{2150E333-8FDC-42A3-9474-1A3956D46DE8}") = "Infra", "Infra", "{52FDDFA7-A93C-4A46-A1BD-CD657428D750}"
EndProject
Project("{2150E333-8FDC-42A3-9474-1A3956D46DE8}") = "Test", "Test", "{803B8AD4-3CA7-4CAC-806C-923BC67896B9}"
EndProject
Project("{2150E333-8FDC-42A3-9474-1A3956D46DE8}") = "UI", "UI", "{448ACF87-1E54-461F-B95B-43ACCAAACEA4}"
EndProject
Project("{9A19103F-16F7-4668-BE54-9A1E7A4F7556}") = "Praxio.Folga.Api", "src\Praxio.Folga.Api\Praxio.Folga.Api.csproj", "{C96744D6-2B66-4DD3-BDE3-ECAF43421205}"
EndProject
Project("{9A19103F-16F7-4668-BE54-9A1E7A4F7556}") = "Praxio.Folga.Application", "src\Praxio.Folga.Application\Praxio.Folga.Application.csproj", "{611C2B29-7C73-4B04-8EDB-539C79EA8E98}"
EndProject
Project("{9A19103F-16F7-4668-BE54-9A1E7A4F7556}") = "Praxio.Folga.Domain", "src\Praxio.Folga.Domain\Praxio.Folga.Domain.csproj", "{B7F2338B-ACAE-481A-BBFF-542615E572CE}"
EndProject
Project("{2150E333-8FDC-42A3-9474-1A3956D46DE8}") = "CrossCutting", "CrossCutting", "{56CA5584-5A53-464E-80AD-1FAE017168D6}"
EndProject
Project("{2150E333-8FDC-42A3-9474-1A3956D46DE8}") = "Data", "Data", "{F30E2557-EB0C-4A79-AB26-82E7D349BAFA}"
EndProject
Project("{2150E333-8FDC-42A3-9474-1A3956D46DE8}") = "Database", "Database", "{FB72A351-B08F-4F2C-93B9-0999B9CB9FC0}"
EndProject
Project("{FAE04EC0-301F-11D3-BF4B-00C04F79EFBC}") = "Praxio.Folga.Infra.CrossCutting.Bus", "src\Praxio.Folga.Infra.CrossCutting.Bus\Praxio.Folga.Infra.CrossCutting.Bus.csproj", "{7D01A95B-05C1-44D3-8F3D-B9A997BF1E85}"
EndProject
Project("{FAE04EC0-301F-11D3-BF4B-00C04F79EFBC}") = "Praxio.Folga.Infra.CrossCutting.IoC", "src\Praxio.Folga.Infra.CrossCutting.IoC\Praxio.Folga.Infra.CrossCutting.IoC.csproj", "{9B224192-5C9C-481B-99A8-9C9324450CFF}"
EndProject
Project("{FAE04EC0-301F-11D3-BF4B-00C04F79EFBC}") = "Praxio.Folga.Infra.Data", "src\Praxio.Folga.Infra.Data\Praxio.Folga.Infra.Data.csproj", "{BF4864AD-5549-40B1-8572-AF0AA4779E86}"
EndProject
Project("{FAE04EC0-301F-11D3-BF4B-00C04F79EFBC}") = "Praxio.Folga.Infra.Database", "src\Praxio.Folga.Infra.Database\Praxio.Folga.Infra.Database.csproj", "{50A77150-F37F-4480-B9E2-F871AAFCC68A}"
EndProject
Global
	GlobalSection(SolutionConfigurationPlatforms) = preSolution
		Debug|Any CPU = Debug|Any CPU
		Release|Any CPU = Release|Any CPU
	EndGlobalSection
	GlobalSection(ProjectConfigurationPlatforms) = postSolution
		{C96744D6-2B66-4DD3-BDE3-ECAF43421205}.Debug|Any CPU.ActiveCfg = Debug|Any CPU
		{C96744D6-2B66-4DD3-BDE3-ECAF43421205}.Debug|Any CPU.Build.0 = Debug|Any CPU
		{C96744D6-2B66-4DD3-BDE3-ECAF43421205}.Release|Any CPU.ActiveCfg = Release|Any CPU
		{C96744D6-2B66-4DD3-BDE3-ECAF43421205}.Release|Any CPU.Build.0 = Release|Any CPU
		{611C2B29-7C73-4B04-8EDB-539C79EA8E98}.Debug|Any CPU.ActiveCfg = Debug|Any CPU
		{611C2B29-7C73-4B04-8EDB-539C79EA8E98}.Debug|Any CPU.Build.0 = Debug|Any CPU
		{611C2B29-7C73-4B04-8EDB-539C79EA8E98}.Release|Any CPU.ActiveCfg = Release|Any CPU
		{611C2B29-7C73-4B04-8EDB-539C79EA8E98}.Release|Any CPU.Build.0 = Release|Any CPU
		{B7F2338B-ACAE-481A-BBFF-542615E572CE}.Debug|Any CPU.ActiveCfg = Debug|Any CPU
		{B7F2338B-ACAE-481A-BBFF-542615E572CE}.Debug|Any CPU.Build.0 = Debug|Any CPU
		{B7F2338B-ACAE-481A-BBFF-542615E572CE}.Release|Any CPU.ActiveCfg = Release|Any CPU
		{B7F2338B-ACAE-481A-BBFF-542615E572CE}.Release|Any CPU.Build.0 = Release|Any CPU
		{7D01A95B-05C1-44D3-8F3D-B9A997BF1E85}.Debug|Any CPU.ActiveCfg = Debug|Any CPU
		{7D01A95B-05C1-44D3-8F3D-B9A997BF1E85}.Debug|Any CPU.Build.0 = Debug|Any CPU
		{7D01A95B-05C1-44D3-8F3D-B9A997BF1E85}.Release|Any CPU.ActiveCfg = Release|Any CPU
		{7D01A95B-05C1-44D3-8F3D-B9A997BF1E85}.Release|Any CPU.Build.0 = Release|Any CPU
		{9B224192-5C9C-481B-99A8-9C9324450CFF}.Debug|Any CPU.ActiveCfg = Debug|Any CPU
		{9B224192-5C9C-481B-99A8-9C9324450CFF}.Debug|Any CPU.Build.0 = Debug|Any CPU
		{9B224192-5C9C-481B-99A8-9C9324450CFF}.Release|Any CPU.ActiveCfg = Release|Any CPU
		{9B224192-5C9C-481B-99A8-9C9324450CFF}.Release|Any CPU.Build.0 = Release|Any CPU
		{BF4864AD-5549-40B1-8572-AF0AA4779E86}.Debug|Any CPU.ActiveCfg = Debug|Any CPU
		{BF4864AD-5549-40B1-8572-AF0AA4779E86}.Debug|Any CPU.Build.0 = Debug|Any CPU
		{BF4864AD-5549-40B1-8572-AF0AA4779E86}.Release|Any CPU.ActiveCfg = Release|Any CPU
		{BF4864AD-5549-40B1-8572-AF0AA4779E86}.Release|Any CPU.Build.0 = Release|Any CPU
		{50A77150-F37F-4480-B9E2-F871AAFCC68A}.Debug|Any CPU.ActiveCfg = Debug|Any CPU
		{50A77150-F37F-4480-B9E2-F871AAFCC68A}.Debug|Any CPU.Build.0 = Debug|Any CPU
		{50A77150-F37F-4480-B9E2-F871AAFCC68A}.Release|Any CPU.ActiveCfg = Release|Any CPU
		{50A77150-F37F-4480-B9E2-F871AAFCC68A}.Release|Any CPU.Build.0 = Release|Any CPU
	EndGlobalSection
	GlobalSection(SolutionProperties) = preSolution
		HideSolutionNode = FALSE
	EndGlobalSection
	GlobalSection(NestedProjects) = preSolution
		{A1EA53D6-7633-4EEF-B7FF-46B3634A5103} = {F7E505BA-0C1B-407A-A7C9-066E6B1585AD}
		{D8E06766-F8C0-4BE3-B069-D69D8329A4DC} = {F7E505BA-0C1B-407A-A7C9-066E6B1585AD}
		{1678BDB6-DCDE-4FAF-A800-079F344EA213} = {F7E505BA-0C1B-407A-A7C9-066E6B1585AD}
		{52FDDFA7-A93C-4A46-A1BD-CD657428D750} = {F7E505BA-0C1B-407A-A7C9-066E6B1585AD}
		{803B8AD4-3CA7-4CAC-806C-923BC67896B9} = {F7E505BA-0C1B-407A-A7C9-066E6B1585AD}
		{448ACF87-1E54-461F-B95B-43ACCAAACEA4} = {F7E505BA-0C1B-407A-A7C9-066E6B1585AD}
		{C96744D6-2B66-4DD3-BDE3-ECAF43421205} = {A1EA53D6-7633-4EEF-B7FF-46B3634A5103}
		{611C2B29-7C73-4B04-8EDB-539C79EA8E98} = {D8E06766-F8C0-4BE3-B069-D69D8329A4DC}
		{B7F2338B-ACAE-481A-BBFF-542615E572CE} = {1678BDB6-DCDE-4FAF-A800-079F344EA213}
		{56CA5584-5A53-464E-80AD-1FAE017168D6} = {52FDDFA7-A93C-4A46-A1BD-CD657428D750}
		{F30E2557-EB0C-4A79-AB26-82E7D349BAFA} = {52FDDFA7-A93C-4A46-A1BD-CD657428D750}
		{FB72A351-B08F-4F2C-93B9-0999B9CB9FC0} = {52FDDFA7-A93C-4A46-A1BD-CD657428D750}
		{7D01A95B-05C1-44D3-8F3D-B9A997BF1E85} = {56CA5584-5A53-464E-80AD-1FAE017168D6}
		{9B224192-5C9C-481B-99A8-9C9324450CFF} = {56CA5584-5A53-464E-80AD-1FAE017168D6}
		{BF4864AD-5549-40B1-8572-AF0AA4779E86} = {F30E2557-EB0C-4A79-AB26-82E7D349BAFA}
		{50A77150-F37F-4480-B9E2-F871AAFCC68A} = {FB72A351-B08F-4F2C-93B9-0999B9CB9FC0}
	EndGlobalSection
	GlobalSection(ExtensibilityGlobals) = postSolution
		SolutionGuid = {97A414E9-9607-421F-BE62-031C5B4930C9}
	EndGlobalSection
EndGlobal
